
Microsoft Visual Studio Solution File, Format Version 12.00
Project("{2150E333-8FDC-42A3-9474-1A3956D46DE8}") = "Lab01", "Lab01", "{052D3457-927B-488F-8607-B081463CEFC2}"
EndProject
Project("{FAE04EC0-301F-11D3-BF4B-00C04F79EFBC}") = "Lab01.Producer", "Lab01.Producer\Lab01.Producer.csproj", "{41EA2485-2F15-44C5-B8F4-E8972A15B145}"
EndProject
Project("{FAE04EC0-301F-11D3-BF4B-00C04F79EFBC}") = "Lab01.Consumer", "Lab01.Consumer\Lab01.Consumer.csproj", "{761CAFB6-7942-4F9E-8835-E478EE65BBA9}"
EndProject
Project("{FAE04EC0-301F-11D3-BF4B-00C04F79EFBC}") = "Shared", "Shared\Shared.csproj", "{93949D2F-1B2A-439A-B928-034C1A6ADFB4}"
EndProject
Project("{2150E333-8FDC-42A3-9474-1A3956D46DE8}") = "Lab02", "Lab02", "{FB03270A-7B2B-4385-B67F-370924E02528}"
EndProject
Project("{FAE04EC0-301F-11D3-BF4B-00C04F79EFBC}") = "Lab02.Producer", "Lab02.Producer\Lab02.Producer.csproj", "{D651613A-E777-4092-81E8-885B194FBE15}"
EndProject
Project("{FAE04EC0-301F-11D3-BF4B-00C04F79EFBC}") = "Lab02.Consumer", "Lab02.Consumer\Lab02.Consumer.csproj", "{D7A2D848-2E5F-4889-81D9-59E50CF82943}"
EndProject
Project("{2150E333-8FDC-42A3-9474-1A3956D46DE8}") = "Lab03", "Lab03", "{1623589A-F88F-41B3-BDF4-1B5B89325CC1}"
EndProject
Project("{FAE04EC0-301F-11D3-BF4B-00C04F79EFBC}") = "Lab03.Publisher", "Lab03.Publisher\Lab03.Publisher.csproj", "{0393B482-2500-48DE-A419-4ADBA57A6C07}"
EndProject
Project("{FAE04EC0-301F-11D3-BF4B-00C04F79EFBC}") = "Lab03.Subscriber", "Lab03.Subscriber\Lab03.Subscriber.csproj", "{DCC4F123-EFD7-4AA7-AF93-5C03C90D4D1D}"
EndProject
Project("{2150E333-8FDC-42A3-9474-1A3956D46DE8}") = "Lab04", "Lab04", "{2CD11BAB-1EB1-42EF-8A31-810B1B685AE8}"
EndProject
Project("{FAE04EC0-301F-11D3-BF4B-00C04F79EFBC}") = "Lab04.Publisher", "Lab04.Publisher\Lab04.Publisher.csproj", "{B05FAF1D-93AF-42BF-8B90-345E726FB071}"
EndProject
Project("{FAE04EC0-301F-11D3-BF4B-00C04F79EFBC}") = "Lab04.Subscriber", "Lab04.Subscriber\Lab04.Subscriber.csproj", "{547681FF-0F1A-4F8D-AD36-14934F58A456}"
EndProject
Project("{2150E333-8FDC-42A3-9474-1A3956D46DE8}") = "Lab05", "Lab05", "{C1792C9E-1815-4CC3-90A5-CCF1A7419C77}"
EndProject
Project("{FAE04EC0-301F-11D3-BF4B-00C04F79EFBC}") = "Lab05.Publisher", "Lab05.Publisher\Lab05.Publisher.csproj", "{13061482-F447-4E4B-9452-B886495A6686}"
EndProject
Project("{FAE04EC0-301F-11D3-BF4B-00C04F79EFBC}") = "Lab05.Subscriber", "Lab05.Subscriber\Lab05.Subscriber.csproj", "{9878D0A4-7E44-4BEE-8F24-09CBB4566465}"
EndProject
Global
	GlobalSection(SolutionConfigurationPlatforms) = preSolution
		Debug|Any CPU = Debug|Any CPU
		Release|Any CPU = Release|Any CPU
	EndGlobalSection
	GlobalSection(ProjectConfigurationPlatforms) = postSolution
		{41EA2485-2F15-44C5-B8F4-E8972A15B145}.Debug|Any CPU.ActiveCfg = Debug|Any CPU
		{41EA2485-2F15-44C5-B8F4-E8972A15B145}.Debug|Any CPU.Build.0 = Debug|Any CPU
		{41EA2485-2F15-44C5-B8F4-E8972A15B145}.Release|Any CPU.ActiveCfg = Release|Any CPU
		{41EA2485-2F15-44C5-B8F4-E8972A15B145}.Release|Any CPU.Build.0 = Release|Any CPU
		{761CAFB6-7942-4F9E-8835-E478EE65BBA9}.Debug|Any CPU.ActiveCfg = Debug|Any CPU
		{761CAFB6-7942-4F9E-8835-E478EE65BBA9}.Debug|Any CPU.Build.0 = Debug|Any CPU
		{761CAFB6-7942-4F9E-8835-E478EE65BBA9}.Release|Any CPU.ActiveCfg = Release|Any CPU
		{761CAFB6-7942-4F9E-8835-E478EE65BBA9}.Release|Any CPU.Build.0 = Release|Any CPU
		{93949D2F-1B2A-439A-B928-034C1A6ADFB4}.Debug|Any CPU.ActiveCfg = Debug|Any CPU
		{93949D2F-1B2A-439A-B928-034C1A6ADFB4}.Debug|Any CPU.Build.0 = Debug|Any CPU
		{93949D2F-1B2A-439A-B928-034C1A6ADFB4}.Release|Any CPU.ActiveCfg = Release|Any CPU
		{93949D2F-1B2A-439A-B928-034C1A6ADFB4}.Release|Any CPU.Build.0 = Release|Any CPU
		{D651613A-E777-4092-81E8-885B194FBE15}.Debug|Any CPU.ActiveCfg = Debug|Any CPU
		{D651613A-E777-4092-81E8-885B194FBE15}.Debug|Any CPU.Build.0 = Debug|Any CPU
		{D651613A-E777-4092-81E8-885B194FBE15}.Release|Any CPU.ActiveCfg = Release|Any CPU
		{D651613A-E777-4092-81E8-885B194FBE15}.Release|Any CPU.Build.0 = Release|Any CPU
		{D7A2D848-2E5F-4889-81D9-59E50CF82943}.Debug|Any CPU.ActiveCfg = Debug|Any CPU
		{D7A2D848-2E5F-4889-81D9-59E50CF82943}.Debug|Any CPU.Build.0 = Debug|Any CPU
		{D7A2D848-2E5F-4889-81D9-59E50CF82943}.Release|Any CPU.ActiveCfg = Release|Any CPU
		{D7A2D848-2E5F-4889-81D9-59E50CF82943}.Release|Any CPU.Build.0 = Release|Any CPU
		{0393B482-2500-48DE-A419-4ADBA57A6C07}.Debug|Any CPU.ActiveCfg = Debug|Any CPU
		{0393B482-2500-48DE-A419-4ADBA57A6C07}.Debug|Any CPU.Build.0 = Debug|Any CPU
		{0393B482-2500-48DE-A419-4ADBA57A6C07}.Release|Any CPU.ActiveCfg = Release|Any CPU
		{0393B482-2500-48DE-A419-4ADBA57A6C07}.Release|Any CPU.Build.0 = Release|Any CPU
		{DCC4F123-EFD7-4AA7-AF93-5C03C90D4D1D}.Debug|Any CPU.ActiveCfg = Debug|Any CPU
		{DCC4F123-EFD7-4AA7-AF93-5C03C90D4D1D}.Debug|Any CPU.Build.0 = Debug|Any CPU
		{DCC4F123-EFD7-4AA7-AF93-5C03C90D4D1D}.Release|Any CPU.ActiveCfg = Release|Any CPU
		{DCC4F123-EFD7-4AA7-AF93-5C03C90D4D1D}.Release|Any CPU.Build.0 = Release|Any CPU
		{B05FAF1D-93AF-42BF-8B90-345E726FB071}.Debug|Any CPU.ActiveCfg = Debug|Any CPU
		{B05FAF1D-93AF-42BF-8B90-345E726FB071}.Debug|Any CPU.Build.0 = Debug|Any CPU
		{B05FAF1D-93AF-42BF-8B90-345E726FB071}.Release|Any CPU.ActiveCfg = Release|Any CPU
		{B05FAF1D-93AF-42BF-8B90-345E726FB071}.Release|Any CPU.Build.0 = Release|Any CPU
		{547681FF-0F1A-4F8D-AD36-14934F58A456}.Debug|Any CPU.ActiveCfg = Debug|Any CPU
		{547681FF-0F1A-4F8D-AD36-14934F58A456}.Debug|Any CPU.Build.0 = Debug|Any CPU
		{547681FF-0F1A-4F8D-AD36-14934F58A456}.Release|Any CPU.ActiveCfg = Release|Any CPU
		{547681FF-0F1A-4F8D-AD36-14934F58A456}.Release|Any CPU.Build.0 = Release|Any CPU
		{13061482-F447-4E4B-9452-B886495A6686}.Debug|Any CPU.ActiveCfg = Debug|Any CPU
		{13061482-F447-4E4B-9452-B886495A6686}.Debug|Any CPU.Build.0 = Debug|Any CPU
		{13061482-F447-4E4B-9452-B886495A6686}.Release|Any CPU.ActiveCfg = Release|Any CPU
		{13061482-F447-4E4B-9452-B886495A6686}.Release|Any CPU.Build.0 = Release|Any CPU
		{9878D0A4-7E44-4BEE-8F24-09CBB4566465}.Debug|Any CPU.ActiveCfg = Debug|Any CPU
		{9878D0A4-7E44-4BEE-8F24-09CBB4566465}.Debug|Any CPU.Build.0 = Debug|Any CPU
		{9878D0A4-7E44-4BEE-8F24-09CBB4566465}.Release|Any CPU.ActiveCfg = Release|Any CPU
		{9878D0A4-7E44-4BEE-8F24-09CBB4566465}.Release|Any CPU.Build.0 = Release|Any CPU
	EndGlobalSection
	GlobalSection(NestedProjects) = preSolution
		{41EA2485-2F15-44C5-B8F4-E8972A15B145} = {052D3457-927B-488F-8607-B081463CEFC2}
		{761CAFB6-7942-4F9E-8835-E478EE65BBA9} = {052D3457-927B-488F-8607-B081463CEFC2}
		{D651613A-E777-4092-81E8-885B194FBE15} = {FB03270A-7B2B-4385-B67F-370924E02528}
		{D7A2D848-2E5F-4889-81D9-59E50CF82943} = {FB03270A-7B2B-4385-B67F-370924E02528}
		{0393B482-2500-48DE-A419-4ADBA57A6C07} = {1623589A-F88F-41B3-BDF4-1B5B89325CC1}
		{DCC4F123-EFD7-4AA7-AF93-5C03C90D4D1D} = {1623589A-F88F-41B3-BDF4-1B5B89325CC1}
		{B05FAF1D-93AF-42BF-8B90-345E726FB071} = {2CD11BAB-1EB1-42EF-8A31-810B1B685AE8}
		{547681FF-0F1A-4F8D-AD36-14934F58A456} = {2CD11BAB-1EB1-42EF-8A31-810B1B685AE8}
		{13061482-F447-4E4B-9452-B886495A6686} = {C1792C9E-1815-4CC3-90A5-CCF1A7419C77}
		{9878D0A4-7E44-4BEE-8F24-09CBB4566465} = {C1792C9E-1815-4CC3-90A5-CCF1A7419C77}
	EndGlobalSection
EndGlobal
